{
  "version": 4,
  "terraform_version": "1.1.6",
  "serial": 289,
  "lineage": "b7df4160-35f6-f3c7-d8f4-c7a4c5ad0b18",
  "outputs": {},
  "resources": [
    {
      "mode": "managed",
      "type": "aws_eip",
      "name": "jump_box_eip",
      "provider": "provider[\"registry.terraform.io/hashicorp/aws\"]",
      "instances": [
        {
          "schema_version": 0,
          "attributes": {
            "address": null,
            "allocation_id": "eipalloc-0d1be4d4732498f1e",
            "associate_with_private_ip": null,
            "association_id": "eipassoc-092f58219d5614cfd",
            "carrier_ip": "",
            "customer_owned_ip": "",
            "customer_owned_ipv4_pool": "",
            "domain": "vpc",
            "id": "eipalloc-0d1be4d4732498f1e",
            "instance": "i-03f366185df2a2056",
            "network_border_group": "us-west-1",
            "network_interface": "eni-0963a9d09d909e2df",
            "private_dns": "ip-10-10-1-10.us-west-1.compute.internal",
            "private_ip": "10.10.1.10",
            "public_dns": "ec2-13-52-69-138.us-west-1.compute.amazonaws.com",
            "public_ip": "13.52.69.138",
            "public_ipv4_pool": "amazon",
            "tags": {
              "Author": "Usman Aslam",
              "Name": "Elastic IP to use with Jump Box",
              "Team": "John, Afreen, Jawad, Usman"
            },
            "tags_all": {
              "Author": "Usman Aslam",
              "Name": "Elastic IP to use with Jump Box",
              "Team": "John, Afreen, Jawad, Usman"
            },
            "timeouts": null,
            "vpc": true
          },
          "sensitive_attributes": [],
          "private": "eyJlMmJmYjczMC1lY2FhLTExZTYtOGY4OC0zNDM2M2JjN2M0YzAiOnsiZGVsZXRlIjoxODAwMDAwMDAwMDAsInJlYWQiOjkwMDAwMDAwMDAwMCwidXBkYXRlIjozMDAwMDAwMDAwMDB9fQ=="
        }
      ]
    },
    {
      "mode": "managed",
      "type": "aws_eip",
      "name": "nateIP",
      "provider": "provider[\"registry.terraform.io/hashicorp/aws\"]",
      "instances": [
        {
          "schema_version": 0,
          "attributes": {
            "address": null,
            "allocation_id": "eipalloc-0a4ce38f4c68ee7bd",
            "associate_with_private_ip": null,
            "association_id": "eipassoc-0064b41aedabb3d69",
            "carrier_ip": "",
            "customer_owned_ip": "",
            "customer_owned_ipv4_pool": "",
            "domain": "vpc",
            "id": "eipalloc-0a4ce38f4c68ee7bd",
            "instance": "",
            "network_border_group": "us-west-1",
            "network_interface": "eni-0b8555102c8ad5888",
            "private_dns": "ip-10-10-1-135.us-west-1.compute.internal",
            "private_ip": "10.10.1.135",
            "public_dns": "ec2-54-176-59-153.us-west-1.compute.amazonaws.com",
            "public_ip": "54.176.59.153",
            "public_ipv4_pool": "amazon",
            "tags": {
              "Author": "Usman Aslam",
              "Name": "Elastic IP for VPC-1: Nat Gateway",
              "Team": "John, Afreen, Jawad, Usman"
            },
            "tags_all": {
              "Author": "Usman Aslam",
              "Name": "Elastic IP for VPC-1: Nat Gateway",
              "Team": "John, Afreen, Jawad, Usman"
            },
            "timeouts": null,
            "vpc": true
          },
          "sensitive_attributes": [],
          "private": "eyJlMmJmYjczMC1lY2FhLTExZTYtOGY4OC0zNDM2M2JjN2M0YzAiOnsiZGVsZXRlIjoxODAwMDAwMDAwMDAsInJlYWQiOjkwMDAwMDAwMDAwMCwidXBkYXRlIjozMDAwMDAwMDAwMDB9fQ=="
        }
      ]
    },
    {
      "mode": "managed",
      "type": "aws_eip",
      "name": "nateIP-VPC2",
      "provider": "provider[\"registry.terraform.io/hashicorp/aws\"]",
      "instances": [
        {
          "schema_version": 0,
          "attributes": {
            "address": null,
            "allocation_id": "eipalloc-08196762a7492e19a",
            "associate_with_private_ip": null,
            "association_id": "eipassoc-07fd283f8a4b09314",
            "carrier_ip": "",
            "customer_owned_ip": "",
            "customer_owned_ipv4_pool": "",
            "domain": "vpc",
            "id": "eipalloc-08196762a7492e19a",
            "instance": "",
            "network_border_group": "us-west-1",
            "network_interface": "eni-0f77a81f4d42a2386",
            "private_dns": "ip-10-20-1-254.us-west-1.compute.internal",
            "private_ip": "10.20.1.254",
            "public_dns": "ec2-52-52-85-152.us-west-1.compute.amazonaws.com",
            "public_ip": "52.52.85.152",
            "public_ipv4_pool": "amazon",
            "tags": {
              "Author": "Usman Aslam",
              "Name": "Elastic IP for VPC-2: Nat Gateway",
              "Team": "John, Afreen, Jawad, Usman"
            },
            "tags_all": {
              "Author": "Usman Aslam",
              "Name": "Elastic IP for VPC-2: Nat Gateway",
              "Team": "John, Afreen, Jawad, Usman"
            },
            "timeouts": null,
            "vpc": true
          },
          "sensitive_attributes": [],
          "private": "eyJlMmJmYjczMC1lY2FhLTExZTYtOGY4OC0zNDM2M2JjN2M0YzAiOnsiZGVsZXRlIjoxODAwMDAwMDAwMDAsInJlYWQiOjkwMDAwMDAwMDAwMCwidXBkYXRlIjozMDAwMDAwMDAwMDB9fQ=="
        }
      ]
    },
    {
      "mode": "managed",
      "type": "aws_eip_association",
      "name": "jump_box_eip_assoc",
      "provider": "provider[\"registry.terraform.io/hashicorp/aws\"]",
      "instances": [
        {
          "schema_version": 0,
          "attributes": {
            "allocation_id": "eipalloc-0d1be4d4732498f1e",
            "allow_reassociation": null,
            "id": "eipassoc-092f58219d5614cfd",
            "instance_id": "i-03f366185df2a2056",
            "network_interface_id": "eni-0963a9d09d909e2df",
            "private_ip_address": "10.10.1.10",
            "public_ip": "13.52.69.138"
          },
          "sensitive_attributes": [],
          "private": "bnVsbA==",
          "dependencies": [
            "aws_eip.jump_box_eip",
            "aws_instance.jump_box",
            "aws_network_interface.jumpbox-nic-1",
            "aws_security_group.ssh-from-anywhere",
            "aws_subnet.pub_subnet",
            "aws_vpc.PublicVPC"
          ]
        }
      ]
    },
    {
      "mode": "managed",
      "type": "aws_instance",
      "name": "jump_box",
      "provider": "provider[\"registry.terraform.io/hashicorp/aws\"]",
      "instances": [
        {
          "schema_version": 1,
          "attributes": {
            "ami": "ami-02eb1685adb70eb60",
            "arn": "arn:aws:ec2:us-west-1:250281069813:instance/i-03f366185df2a2056",
            "associate_public_ip_address": true,
            "availability_zone": "us-west-1a",
            "capacity_reservation_specification": [
              {
                "capacity_reservation_preference": "open",
                "capacity_reservation_target": []
              }
            ],
            "cpu_core_count": 1,
            "cpu_threads_per_core": 1,
            "credit_specification": [
              {
                "cpu_credits": "unlimited"
              }
            ],
            "disable_api_termination": false,
            "ebs_block_device": [],
            "ebs_optimized": false,
            "enclave_options": [
              {
                "enabled": false
              }
            ],
            "ephemeral_block_device": [],
            "get_password_data": false,
            "hibernation": false,
            "host_id": null,
            "iam_instance_profile": "",
            "id": "i-03f366185df2a2056",
            "instance_initiated_shutdown_behavior": "stop",
            "instance_state": "running",
            "instance_type": "t2.micro",
            "ipv6_address_count": 0,
            "ipv6_addresses": [],
            "key_name": "aws_keypair",
            "launch_template": [],
            "maintenance_options": [
              {
                "auto_recovery": "default"
              }
            ],
            "metadata_options": [
              {
                "http_endpoint": "enabled",
                "http_put_response_hop_limit": 1,
                "http_tokens": "optional",
                "instance_metadata_tags": "disabled"
              }
            ],
            "monitoring": false,
            "network_interface": [
              {
                "delete_on_termination": false,
                "device_index": 0,
                "network_card_index": 0,
                "network_interface_id": "eni-0963a9d09d909e2df"
              }
            ],
            "outpost_arn": "",
            "password_data": "",
            "placement_group": "",
            "placement_partition_number": null,
            "primary_network_interface_id": "eni-0963a9d09d909e2df",
            "private_dns": "ip-10-10-1-10.us-west-1.compute.internal",
            "private_ip": "10.10.1.10",
            "public_dns": "",
            "public_ip": "13.52.69.138",
            "root_block_device": [
              {
                "delete_on_termination": true,
                "device_name": "/dev/xvda",
                "encrypted": false,
                "iops": 100,
                "kms_key_id": "",
                "tags": {},
                "throughput": 0,
                "volume_id": "vol-07e4ec4d0c385e796",
                "volume_size": 8,
                "volume_type": "gp2"
              }
            ],
            "secondary_private_ips": [],
            "security_groups": [],
            "source_dest_check": true,
            "subnet_id": "subnet-0edfef9a75ca28dc2",
            "tags": {
              "Author": "Usman Aslam",
              "Name": "595 - Jump Box",
              "Team": "John, Afreen, Jawad, Usman"
            },
            "tags_all": {
              "Author": "Usman Aslam",
              "Name": "595 - Jump Box",
              "Team": "John, Afreen, Jawad, Usman"
            },
            "tenancy": "default",
            "timeouts": null,
            "user_data": null,
            "user_data_base64": null,
            "user_data_replace_on_change": false,
            "volume_tags": null,
            "vpc_security_group_ids": [
              "sg-0b8c107035f097667"
            ]
          },
          "sensitive_attributes": [],
          "private": "eyJlMmJmYjczMC1lY2FhLTExZTYtOGY4OC0zNDM2M2JjN2M0YzAiOnsiY3JlYXRlIjo2MDAwMDAwMDAwMDAsImRlbGV0ZSI6MTIwMDAwMDAwMDAwMCwidXBkYXRlIjo2MDAwMDAwMDAwMDB9LCJzY2hlbWFfdmVyc2lvbiI6IjEifQ==",
          "dependencies": [
            "aws_network_interface.jumpbox-nic-1",
            "aws_security_group.ssh-from-anywhere",
            "aws_subnet.pub_subnet",
            "aws_vpc.PublicVPC"
          ]
        }
      ]
    },
    {
      "mode": "managed",
      "type": "aws_internet_gateway",
      "name": "IGW",
      "provider": "provider[\"registry.terraform.io/hashicorp/aws\"]",
      "instances": [
        {
          "schema_version": 0,
          "attributes": {
            "arn": "arn:aws:ec2:us-west-1:250281069813:internet-gateway/igw-007adaaab461eacdb",
            "id": "igw-007adaaab461eacdb",
            "owner_id": "250281069813",
            "tags": {
              "Author": "Usman Aslam",
              "Name": "VPC-1: Internet Gateway",
              "Team": "John, Afreen, Jawad, Usman"
            },
            "tags_all": {
              "Author": "Usman Aslam",
              "Name": "VPC-1: Internet Gateway",
              "Team": "John, Afreen, Jawad, Usman"
            },
            "vpc_id": "vpc-0c0c2d463a1ad7134"
          },
          "sensitive_attributes": [],
          "private": "bnVsbA==",
          "dependencies": [
            "aws_vpc.PublicVPC"
          ]
        }
      ]
    },
    {
      "mode": "managed",
      "type": "aws_internet_gateway",
      "name": "IGW-vpc2",
      "provider": "provider[\"registry.terraform.io/hashicorp/aws\"]",
      "instances": [
        {
          "schema_version": 0,
          "attributes": {
            "arn": "arn:aws:ec2:us-west-1:250281069813:internet-gateway/igw-08ae874a5b0c951ec",
            "id": "igw-08ae874a5b0c951ec",
            "owner_id": "250281069813",
            "tags": {
              "Author": "Usman Aslam",
              "Name": "VPC-2: Internet Gateway",
              "Team": "John, Afreen, Jawad, Usman"
            },
            "tags_all": {
              "Author": "Usman Aslam",
              "Name": "VPC-2: Internet Gateway",
              "Team": "John, Afreen, Jawad, Usman"
            },
            "vpc_id": "vpc-0443f8f97391333aa"
          },
          "sensitive_attributes": [],
          "private": "bnVsbA==",
          "dependencies": [
            "aws_vpc.PrivateVPC"
          ]
        }
      ]
    },
    {
      "mode": "managed",
      "type": "aws_nat_gateway",
      "name": "NATgw",
      "provider": "provider[\"registry.terraform.io/hashicorp/aws\"]",
      "instances": [
        {
          "schema_version": 0,
          "attributes": {
            "allocation_id": "eipalloc-0a4ce38f4c68ee7bd",
            "connectivity_type": "public",
            "id": "nat-0a06d167f7aceed18",
            "network_interface_id": "eni-0b8555102c8ad5888",
            "private_ip": "10.10.1.135",
            "public_ip": "54.176.59.153",
            "subnet_id": "subnet-0edfef9a75ca28dc2",
            "tags": {
              "Author": "Usman Aslam",
              "Name": "VPC-1: Nat Gateway",
              "Team": "John, Afreen, Jawad, Usman"
            },
            "tags_all": {
              "Author": "Usman Aslam",
              "Name": "VPC-1: Nat Gateway",
              "Team": "John, Afreen, Jawad, Usman"
            }
          },
          "sensitive_attributes": [],
          "private": "bnVsbA==",
          "dependencies": [
            "aws_eip.nateIP",
            "aws_subnet.pub_subnet",
            "aws_vpc.PublicVPC"
          ]
        }
      ]
    },
    {
      "mode": "managed",
      "type": "aws_nat_gateway",
      "name": "NATgw-vpc2",
      "provider": "provider[\"registry.terraform.io/hashicorp/aws\"]",
      "instances": [
        {
          "schema_version": 0,
          "attributes": {
            "allocation_id": "eipalloc-08196762a7492e19a",
            "connectivity_type": "public",
            "id": "nat-03f58cf91b731c383",
            "network_interface_id": "eni-0f77a81f4d42a2386",
            "private_ip": "10.20.1.254",
            "public_ip": "52.52.85.152",
            "subnet_id": "subnet-087ea6ffb4d5bd818",
            "tags": {
              "Author": "Usman Aslam",
              "Name": "VPC-2: Nat Gateway",
              "Team": "John, Afreen, Jawad, Usman"
            },
            "tags_all": {
              "Author": "Usman Aslam",
              "Name": "VPC-2: Nat Gateway",
              "Team": "John, Afreen, Jawad, Usman"
            }
          },
          "sensitive_attributes": [],
          "private": "bnVsbA==",
          "dependencies": [
            "aws_eip.nateIP-VPC2",
            "aws_subnet.vpc2_pub_subnet",
            "aws_vpc.PrivateVPC"
          ]
        }
      ]
    },
    {
      "mode": "managed",
      "type": "aws_network_acl",
      "name": "acl-priv-vpc-subnet-main",
      "provider": "provider[\"registry.terraform.io/hashicorp/aws\"]",
      "instances": [
        {
          "schema_version": 0,
          "attributes": {
            "arn": "arn:aws:ec2:us-west-1:250281069813:network-acl/acl-0d323a7223b34f3f8",
            "egress": [
              {
                "action": "allow",
                "cidr_block": "0.0.0.0/0",
                "from_port": 0,
                "icmp_code": 0,
                "icmp_type": 0,
                "ipv6_cidr_block": "",
                "protocol": "-1",
                "rule_no": 100,
                "to_port": 0
              }
            ],
            "id": "acl-0d323a7223b34f3f8",
            "ingress": [
              {
                "action": "allow",
                "cidr_block": "0.0.0.0/0",
                "from_port": 0,
                "icmp_code": 0,
                "icmp_type": 0,
                "ipv6_cidr_block": "",
                "protocol": "-1",
                "rule_no": 100,
                "to_port": 0
              }
            ],
            "owner_id": "250281069813",
            "subnet_ids": [
              "subnet-0f880bb928232f0a1"
            ],
            "tags": {
              "Author": "Usman Aslam",
              "Name": "VPC1: ACL Inside Network",
              "Team": "John, Afreen, Jawad, Usman"
            },
            "tags_all": {
              "Author": "Usman Aslam",
              "Name": "VPC1: ACL Inside Network",
              "Team": "John, Afreen, Jawad, Usman"
            },
            "vpc_id": "vpc-0443f8f97391333aa"
          },
          "sensitive_attributes": [],
          "private": "bnVsbA==",
          "dependencies": [
            "aws_vpc.PrivateVPC"
          ]
        }
      ]
    },
    {
      "mode": "managed",
      "type": "aws_network_acl",
      "name": "acl-priv-vpc-subnet-pub",
      "provider": "provider[\"registry.terraform.io/hashicorp/aws\"]",
      "instances": [
        {
          "schema_version": 0,
          "attributes": {
            "arn": "arn:aws:ec2:us-west-1:250281069813:network-acl/acl-0d66f7d271b411ed7",
            "egress": [
              {
                "action": "allow",
                "cidr_block": "0.0.0.0/0",
                "from_port": 0,
                "icmp_code": 0,
                "icmp_type": 0,
                "ipv6_cidr_block": "",
                "protocol": "-1",
                "rule_no": 100,
                "to_port": 0
              }
            ],
            "id": "acl-0d66f7d271b411ed7",
            "ingress": [
              {
                "action": "allow",
                "cidr_block": "0.0.0.0/0",
                "from_port": 0,
                "icmp_code": 0,
                "icmp_type": 0,
                "ipv6_cidr_block": "",
                "protocol": "-1",
                "rule_no": 100,
                "to_port": 0
              }
            ],
            "owner_id": "250281069813",
            "subnet_ids": [
              "subnet-087ea6ffb4d5bd818"
            ],
            "tags": {
              "Author": "Usman Aslam",
              "Name": "VPC2: ACL DMZ Network",
              "Team": "John, Afreen, Jawad, Usman"
            },
            "tags_all": {
              "Author": "Usman Aslam",
              "Name": "VPC2: ACL DMZ Network",
              "Team": "John, Afreen, Jawad, Usman"
            },
            "vpc_id": "vpc-0443f8f97391333aa"
          },
          "sensitive_attributes": [],
          "private": "bnVsbA==",
          "dependencies": [
            "aws_vpc.PrivateVPC"
          ]
        }
      ]
    },
    {
      "mode": "managed",
      "type": "aws_network_acl",
      "name": "acl-pub-vpc-subnet-external-1",
      "provider": "provider[\"registry.terraform.io/hashicorp/aws\"]",
      "instances": [
        {
          "schema_version": 0,
          "attributes": {
            "arn": "arn:aws:ec2:us-west-1:250281069813:network-acl/acl-0394e215dd476aae0",
            "egress": [
              {
                "action": "allow",
                "cidr_block": "0.0.0.0/0",
                "from_port": 0,
                "icmp_code": 0,
                "icmp_type": 0,
                "ipv6_cidr_block": "",
                "protocol": "-1",
                "rule_no": 100,
                "to_port": 0
              }
            ],
            "id": "acl-0394e215dd476aae0",
            "ingress": [
              {
                "action": "allow",
                "cidr_block": "0.0.0.0/0",
                "from_port": 0,
                "icmp_code": 0,
                "icmp_type": 0,
                "ipv6_cidr_block": "",
                "protocol": "-1",
                "rule_no": 100,
                "to_port": 0
              }
            ],
            "owner_id": "250281069813",
            "subnet_ids": [
              "subnet-0edfef9a75ca28dc2"
            ],
            "tags": {
              "Author": "Usman Aslam",
              "Name": "VPC1: ACL DMZ Network",
              "Team": "John, Afreen, Jawad, Usman"
            },
            "tags_all": {
              "Author": "Usman Aslam",
              "Name": "VPC1: ACL DMZ Network",
              "Team": "John, Afreen, Jawad, Usman"
            },
            "vpc_id": "vpc-0c0c2d463a1ad7134"
          },
          "sensitive_attributes": [],
          "private": "bnVsbA==",
          "dependencies": [
            "aws_vpc.PublicVPC"
          ]
        }
      ]
    },
    {
      "mode": "managed",
      "type": "aws_network_acl",
      "name": "acl-pub-vpc-subnet-internal-1",
      "provider": "provider[\"registry.terraform.io/hashicorp/aws\"]",
      "instances": [
        {
          "schema_version": 0,
          "attributes": {
            "arn": "arn:aws:ec2:us-west-1:250281069813:network-acl/acl-0684481164ad8c673",
            "egress": [
              {
                "action": "allow",
                "cidr_block": "0.0.0.0/0",
                "from_port": 0,
                "icmp_code": 0,
                "icmp_type": 0,
                "ipv6_cidr_block": "",
                "protocol": "-1",
                "rule_no": 100,
                "to_port": 0
              }
            ],
            "id": "acl-0684481164ad8c673",
            "ingress": [
              {
                "action": "allow",
                "cidr_block": "0.0.0.0/0",
                "from_port": 0,
                "icmp_code": 0,
                "icmp_type": 0,
                "ipv6_cidr_block": "",
                "protocol": "-1",
                "rule_no": 100,
                "to_port": 0
              }
            ],
            "owner_id": "250281069813",
            "subnet_ids": [
              "subnet-0223a6db982e7132b"
            ],
            "tags": {
              "Author": "Usman Aslam",
              "Name": "VPC1: ACL Inside Network",
              "Team": "John, Afreen, Jawad, Usman"
            },
            "tags_all": {
              "Author": "Usman Aslam",
              "Name": "VPC1: ACL Inside Network",
              "Team": "John, Afreen, Jawad, Usman"
            },
            "vpc_id": "vpc-0c0c2d463a1ad7134"
          },
          "sensitive_attributes": [],
          "private": "bnVsbA==",
          "dependencies": [
            "aws_vpc.PublicVPC"
          ]
        }
      ]
    },
    {
      "mode": "managed",
      "type": "aws_network_acl_association",
      "name": "external-1-acl",
      "provider": "provider[\"registry.terraform.io/hashicorp/aws\"]",
      "instances": [
        {
          "schema_version": 0,
          "attributes": {
            "id": "aclassoc-038fa836b52cf0a37",
            "network_acl_id": "acl-0394e215dd476aae0",
            "subnet_id": "subnet-0edfef9a75ca28dc2"
          },
          "sensitive_attributes": [],
          "private": "bnVsbA==",
          "dependencies": [
            "aws_network_acl.acl-pub-vpc-subnet-external-1",
            "aws_subnet.pub_subnet",
            "aws_vpc.PublicVPC"
          ]
        }
      ]
    },
    {
      "mode": "managed",
      "type": "aws_network_acl_association",
      "name": "internal-1-acl",
      "provider": "provider[\"registry.terraform.io/hashicorp/aws\"]",
      "instances": [
        {
          "schema_version": 0,
          "attributes": {
            "id": "aclassoc-08f27d26a72e5e1c4",
            "network_acl_id": "acl-0684481164ad8c673",
            "subnet_id": "subnet-0223a6db982e7132b"
          },
          "sensitive_attributes": [],
          "private": "bnVsbA==",
          "dependencies": [
            "aws_network_acl.acl-pub-vpc-subnet-internal-1",
            "aws_subnet.priv_subnet",
            "aws_vpc.PublicVPC"
          ]
        }
      ]
    },
    {
      "mode": "managed",
      "type": "aws_network_acl_association",
      "name": "main-acl",
      "provider": "provider[\"registry.terraform.io/hashicorp/aws\"]",
      "instances": [
        {
          "schema_version": 0,
          "attributes": {
            "id": "aclassoc-0dad71816f9e3ea5d",
            "network_acl_id": "acl-0d323a7223b34f3f8",
            "subnet_id": "subnet-0f880bb928232f0a1"
          },
          "sensitive_attributes": [],
          "private": "bnVsbA==",
          "dependencies": [
            "aws_network_acl.acl-priv-vpc-subnet-main",
            "aws_subnet.main_subnet",
            "aws_vpc.PrivateVPC"
          ]
        }
      ]
    },
    {
      "mode": "managed",
      "type": "aws_network_acl_association",
      "name": "vpc2-pub-acl",
      "provider": "provider[\"registry.terraform.io/hashicorp/aws\"]",
      "instances": [
        {
          "schema_version": 0,
          "attributes": {
            "id": "aclassoc-08ab03f159c5a7ab5",
            "network_acl_id": "acl-0d66f7d271b411ed7",
            "subnet_id": "subnet-087ea6ffb4d5bd818"
          },
          "sensitive_attributes": [],
          "private": "bnVsbA==",
          "dependencies": [
            "aws_network_acl.acl-priv-vpc-subnet-pub",
            "aws_subnet.vpc2_pub_subnet",
            "aws_vpc.PrivateVPC"
          ]
        }
      ]
    },
    {
      "mode": "managed",
      "type": "aws_network_interface",
      "name": "jumpbox-nic-1",
      "provider": "provider[\"registry.terraform.io/hashicorp/aws\"]",
      "instances": [
        {
          "schema_version": 0,
          "attributes": {
            "arn": "arn:aws:ec2:us-west-1:250281069813:network-interface/eni-0963a9d09d909e2df",
            "attachment": [
              {
                "attachment_id": "eni-attach-0df2de80f1684fc87",
                "device_index": 0,
                "instance": "i-03f366185df2a2056"
              }
            ],
            "description": "",
            "id": "eni-0963a9d09d909e2df",
            "interface_type": "interface",
            "ipv4_prefix_count": 0,
            "ipv4_prefixes": [],
            "ipv6_address_count": 0,
            "ipv6_address_list": [],
            "ipv6_address_list_enabled": false,
            "ipv6_addresses": [],
            "ipv6_prefix_count": 0,
            "ipv6_prefixes": [],
            "mac_address": "02:93:2d:b8:30:13",
            "outpost_arn": "",
            "owner_id": "250281069813",
            "private_dns_name": "",
            "private_ip": "10.10.1.10",
            "private_ip_list": [
              "10.10.1.10"
            ],
            "private_ip_list_enabled": false,
            "private_ips": [
              "10.10.1.10"
            ],
            "private_ips_count": 0,
            "security_groups": [
              "sg-0b8c107035f097667"
            ],
            "source_dest_check": true,
            "subnet_id": "subnet-0edfef9a75ca28dc2",
            "tags": {
              "Author": "Usman Aslam",
              "Name": "Primary Network Interface",
              "Team": "John, Afreen, Jawad, Usman"
            },
            "tags_all": {
              "Author": "Usman Aslam",
              "Name": "Primary Network Interface",
              "Team": "John, Afreen, Jawad, Usman"
            }
          },
          "sensitive_attributes": [],
          "private": "bnVsbA==",
          "dependencies": [
            "aws_security_group.ssh-from-anywhere",
            "aws_subnet.pub_subnet",
            "aws_vpc.PublicVPC"
          ]
        }
      ]
    },
    {
      "mode": "managed",
      "type": "aws_route",
      "name": "peering-main-route-2",
      "provider": "provider[\"registry.terraform.io/hashicorp/aws\"]",
      "instances": [
        {
          "schema_version": 0,
          "attributes": {
            "carrier_gateway_id": "",
            "core_network_arn": "",
            "destination_cidr_block": "10.10.0.0/16",
            "destination_ipv6_cidr_block": "",
            "destination_prefix_list_id": "",
            "egress_only_gateway_id": "",
            "gateway_id": "",
            "id": "r-rtb-06848cfc02b8c2bd5519371977",
            "instance_id": "",
            "instance_owner_id": "",
            "local_gateway_id": "",
            "nat_gateway_id": "",
            "network_interface_id": "",
            "origin": "CreateRoute",
            "route_table_id": "rtb-06848cfc02b8c2bd5",
            "state": "active",
            "timeouts": null,
            "transit_gateway_id": "",
            "vpc_endpoint_id": "",
            "vpc_peering_connection_id": "pcx-072ced2b094fecb46"
          },
          "sensitive_attributes": [],
          "private": "eyJlMmJmYjczMC1lY2FhLTExZTYtOGY4OC0zNDM2M2JjN2M0YzAiOnsiY3JlYXRlIjozMDAwMDAwMDAwMDAsImRlbGV0ZSI6MzAwMDAwMDAwMDAwLCJ1cGRhdGUiOjEyMDAwMDAwMDAwMH19",
          "dependencies": [
            "aws_vpc.PrivateVPC",
            "aws_vpc.PublicVPC",
            "aws_vpc_peering_connection.vpc-peering"
          ]
        }
      ]
    },
    {
      "mode": "managed",
      "type": "aws_route",
      "name": "peering-route-2",
      "provider": "provider[\"registry.terraform.io/hashicorp/aws\"]",
      "instances": [
        {
          "schema_version": 0,
          "attributes": {
            "carrier_gateway_id": "",
            "core_network_arn": "",
            "destination_cidr_block": "10.10.0.0/16",
            "destination_ipv6_cidr_block": "",
            "destination_prefix_list_id": "",
            "egress_only_gateway_id": "",
            "gateway_id": "",
            "id": "r-rtb-0d3aab9b94f5592e4519371977",
            "instance_id": "",
            "instance_owner_id": "",
            "local_gateway_id": "",
            "nat_gateway_id": "",
            "network_interface_id": "",
            "origin": "CreateRoute",
            "route_table_id": "rtb-0d3aab9b94f5592e4",
            "state": "active",
            "timeouts": null,
            "transit_gateway_id": "",
            "vpc_endpoint_id": "",
            "vpc_peering_connection_id": "pcx-072ced2b094fecb46"
          },
          "sensitive_attributes": [],
          "private": "eyJlMmJmYjczMC1lY2FhLTExZTYtOGY4OC0zNDM2M2JjN2M0YzAiOnsiY3JlYXRlIjozMDAwMDAwMDAwMDAsImRlbGV0ZSI6MzAwMDAwMDAwMDAwLCJ1cGRhdGUiOjEyMDAwMDAwMDAwMH19",
          "dependencies": [
            "aws_route_table.RT",
            "aws_vpc.PrivateVPC",
            "aws_vpc.PublicVPC",
            "aws_vpc_peering_connection.vpc-peering"
          ]
        }
      ]
    },
    {
      "mode": "managed",
      "type": "aws_route",
      "name": "peering-route-public-vpc-main",
      "provider": "provider[\"registry.terraform.io/hashicorp/aws\"]",
      "instances": [
        {
          "schema_version": 0,
          "attributes": {
            "carrier_gateway_id": "",
            "core_network_arn": "",
            "destination_cidr_block": "10.20.0.0/16",
            "destination_ipv6_cidr_block": "",
            "destination_prefix_list_id": "",
            "egress_only_gateway_id": "",
            "gateway_id": "",
            "id": "r-rtb-04751bfc2afe4af66662290444",
            "instance_id": "",
            "instance_owner_id": "",
            "local_gateway_id": "",
            "nat_gateway_id": "",
            "network_interface_id": "",
            "origin": "CreateRoute",
            "route_table_id": "rtb-04751bfc2afe4af66",
            "state": "active",
            "timeouts": null,
            "transit_gateway_id": "",
            "vpc_endpoint_id": "",
            "vpc_peering_connection_id": "pcx-072ced2b094fecb46"
          },
          "sensitive_attributes": [],
          "private": "eyJlMmJmYjczMC1lY2FhLTExZTYtOGY4OC0zNDM2M2JjN2M0YzAiOnsiY3JlYXRlIjozMDAwMDAwMDAwMDAsImRlbGV0ZSI6MzAwMDAwMDAwMDAwLCJ1cGRhdGUiOjEyMDAwMDAwMDAwMH19",
          "dependencies": [
            "aws_vpc.PrivateVPC",
            "aws_vpc.PublicVPC",
            "aws_vpc_peering_connection.vpc-peering"
          ]
        }
      ]
    },
    {
      "mode": "managed",
      "type": "aws_route_table",
      "name": "PrivateRT",
      "provider": "provider[\"registry.terraform.io/hashicorp/aws\"]",
      "instances": [
        {
          "schema_version": 0,
          "attributes": {
            "arn": "arn:aws:ec2:us-west-1:250281069813:route-table/rtb-0f064c6da9a827002",
            "id": "rtb-0f064c6da9a827002",
            "owner_id": "250281069813",
            "propagating_vgws": [],
            "route": [
              {
                "carrier_gateway_id": "",
                "cidr_block": "0.0.0.0/0",
                "core_network_arn": "",
                "destination_prefix_list_id": "",
                "egress_only_gateway_id": "",
                "gateway_id": "",
                "instance_id": "",
                "ipv6_cidr_block": "",
                "local_gateway_id": "",
                "nat_gateway_id": "nat-0a06d167f7aceed18",
                "network_interface_id": "",
                "transit_gateway_id": "",
                "vpc_endpoint_id": "",
                "vpc_peering_connection_id": ""
              }
            ],
            "tags": {
              "Author": "Usman Aslam",
              "Name": "VPC-1: RT Inside Network",
              "Team": "John, Afreen, Jawad, Usman"
            },
            "tags_all": {
              "Author": "Usman Aslam",
              "Name": "VPC-1: RT Inside Network",
              "Team": "John, Afreen, Jawad, Usman"
            },
            "timeouts": null,
            "vpc_id": "vpc-0c0c2d463a1ad7134"
          },
          "sensitive_attributes": [],
          "private": "eyJlMmJmYjczMC1lY2FhLTExZTYtOGY4OC0zNDM2M2JjN2M0YzAiOnsiY3JlYXRlIjozMDAwMDAwMDAwMDAsImRlbGV0ZSI6MzAwMDAwMDAwMDAwLCJ1cGRhdGUiOjEyMDAwMDAwMDAwMH19",
          "dependencies": [
            "aws_eip.nateIP",
            "aws_nat_gateway.NATgw",
            "aws_subnet.pub_subnet",
            "aws_vpc.PublicVPC"
          ]
        }
      ]
    },
    {
      "mode": "managed",
      "type": "aws_route_table",
      "name": "PublicRT",
      "provider": "provider[\"registry.terraform.io/hashicorp/aws\"]",
      "instances": [
        {
          "schema_version": 0,
          "attributes": {
            "arn": "arn:aws:ec2:us-west-1:250281069813:route-table/rtb-04fdfb5087a9a4489",
            "id": "rtb-04fdfb5087a9a4489",
            "owner_id": "250281069813",
            "propagating_vgws": [],
            "route": [
              {
                "carrier_gateway_id": "",
                "cidr_block": "0.0.0.0/0",
                "core_network_arn": "",
                "destination_prefix_list_id": "",
                "egress_only_gateway_id": "",
                "gateway_id": "igw-007adaaab461eacdb",
                "instance_id": "",
                "ipv6_cidr_block": "",
                "local_gateway_id": "",
                "nat_gateway_id": "",
                "network_interface_id": "",
                "transit_gateway_id": "",
                "vpc_endpoint_id": "",
                "vpc_peering_connection_id": ""
              },
              {
                "carrier_gateway_id": "",
                "cidr_block": "10.20.0.0/16",
                "core_network_arn": "",
                "destination_prefix_list_id": "",
                "egress_only_gateway_id": "",
                "gateway_id": "",
                "instance_id": "",
                "ipv6_cidr_block": "",
                "local_gateway_id": "",
                "nat_gateway_id": "",
                "network_interface_id": "",
                "transit_gateway_id": "",
                "vpc_endpoint_id": "",
                "vpc_peering_connection_id": "pcx-072ced2b094fecb46"
              }
            ],
            "tags": {
              "Author": "Usman Aslam",
              "Name": "VPC-1: RT DMZ Network",
              "Team": "John, Afreen, Jawad, Usman"
            },
            "tags_all": {
              "Author": "Usman Aslam",
              "Name": "VPC-1: RT DMZ Network",
              "Team": "John, Afreen, Jawad, Usman"
            },
            "timeouts": null,
            "vpc_id": "vpc-0c0c2d463a1ad7134"
          },
          "sensitive_attributes": [],
          "private": "eyJlMmJmYjczMC1lY2FhLTExZTYtOGY4OC0zNDM2M2JjN2M0YzAiOnsiY3JlYXRlIjozMDAwMDAwMDAwMDAsImRlbGV0ZSI6MzAwMDAwMDAwMDAwLCJ1cGRhdGUiOjEyMDAwMDAwMDAwMH19",
          "dependencies": [
            "aws_internet_gateway.IGW",
            "aws_vpc.PrivateVPC",
            "aws_vpc.PublicVPC",
            "aws_vpc_peering_connection.vpc-peering"
          ]
        }
      ]
    },
    {
      "mode": "managed",
      "type": "aws_route_table",
      "name": "RT",
      "provider": "provider[\"registry.terraform.io/hashicorp/aws\"]",
      "instances": [
        {
          "schema_version": 0,
          "attributes": {
            "arn": "arn:aws:ec2:us-west-1:250281069813:route-table/rtb-0d3aab9b94f5592e4",
            "id": "rtb-0d3aab9b94f5592e4",
            "owner_id": "250281069813",
            "propagating_vgws": [],
            "route": [
              {
                "carrier_gateway_id": "",
                "cidr_block": "10.10.0.0/16",
                "core_network_arn": "",
                "destination_prefix_list_id": "",
                "egress_only_gateway_id": "",
                "gateway_id": "",
                "instance_id": "",
                "ipv6_cidr_block": "",
                "local_gateway_id": "",
                "nat_gateway_id": "",
                "network_interface_id": "",
                "transit_gateway_id": "",
                "vpc_endpoint_id": "",
                "vpc_peering_connection_id": "pcx-072ced2b094fecb46"
              }
            ],
            "tags": {
              "Author": "Usman Aslam",
              "Name": "VPC-2: RT Inside Network",
              "Team": "John, Afreen, Jawad, Usman"
            },
            "tags_all": {
              "Author": "Usman Aslam",
              "Name": "VPC-2: RT Inside Network",
              "Team": "John, Afreen, Jawad, Usman"
            },
            "timeouts": null,
            "vpc_id": "vpc-0443f8f97391333aa"
          },
          "sensitive_attributes": [],
          "private": "eyJlMmJmYjczMC1lY2FhLTExZTYtOGY4OC0zNDM2M2JjN2M0YzAiOnsiY3JlYXRlIjozMDAwMDAwMDAwMDAsImRlbGV0ZSI6MzAwMDAwMDAwMDAwLCJ1cGRhdGUiOjEyMDAwMDAwMDAwMH19",
          "dependencies": [
            "aws_vpc.PrivateVPC"
          ]
        }
      ]
    },
    {
      "mode": "managed",
      "type": "aws_route_table",
      "name": "vcp2-pub-rt",
      "provider": "provider[\"registry.terraform.io/hashicorp/aws\"]",
      "instances": [
        {
          "schema_version": 0,
          "attributes": {
            "arn": "arn:aws:ec2:us-west-1:250281069813:route-table/rtb-05f0dbed7a7b05bcc",
            "id": "rtb-05f0dbed7a7b05bcc",
            "owner_id": "250281069813",
            "propagating_vgws": [],
            "route": [
              {
                "carrier_gateway_id": "",
                "cidr_block": "0.0.0.0/0",
                "core_network_arn": "",
                "destination_prefix_list_id": "",
                "egress_only_gateway_id": "",
                "gateway_id": "igw-08ae874a5b0c951ec",
                "instance_id": "",
                "ipv6_cidr_block": "",
                "local_gateway_id": "",
                "nat_gateway_id": "",
                "network_interface_id": "",
                "transit_gateway_id": "",
                "vpc_endpoint_id": "",
                "vpc_peering_connection_id": ""
              }
            ],
            "tags": {
              "Author": "Usman Aslam",
              "Name": "VPC-2: RT DMZ Network",
              "Team": "John, Afreen, Jawad, Usman"
            },
            "tags_all": {
              "Author": "Usman Aslam",
              "Name": "VPC-2: RT DMZ Network",
              "Team": "John, Afreen, Jawad, Usman"
            },
            "timeouts": null,
            "vpc_id": "vpc-0443f8f97391333aa"
          },
          "sensitive_attributes": [],
          "private": "eyJlMmJmYjczMC1lY2FhLTExZTYtOGY4OC0zNDM2M2JjN2M0YzAiOnsiY3JlYXRlIjozMDAwMDAwMDAwMDAsImRlbGV0ZSI6MzAwMDAwMDAwMDAwLCJ1cGRhdGUiOjEyMDAwMDAwMDAwMH19",
          "dependencies": [
            "aws_internet_gateway.IGW-vpc2",
            "aws_vpc.PrivateVPC"
          ]
        }
      ]
    },
    {
      "mode": "managed",
      "type": "aws_route_table_association",
      "name": "PrivateRTassociation",
      "provider": "provider[\"registry.terraform.io/hashicorp/aws\"]",
      "instances": [
        {
          "schema_version": 0,
          "attributes": {
            "gateway_id": "",
            "id": "rtbassoc-08d72c24f728ae31f",
            "route_table_id": "rtb-0f064c6da9a827002",
            "subnet_id": "subnet-0223a6db982e7132b"
          },
          "sensitive_attributes": [],
          "private": "bnVsbA==",
          "dependencies": [
            "aws_eip.nateIP",
            "aws_nat_gateway.NATgw",
            "aws_route_table.PrivateRT",
            "aws_subnet.priv_subnet",
            "aws_subnet.pub_subnet",
            "aws_vpc.PublicVPC"
          ]
        }
      ]
    },
    {
      "mode": "managed",
      "type": "aws_route_table_association",
      "name": "PublicRTassociation",
      "provider": "provider[\"registry.terraform.io/hashicorp/aws\"]",
      "instances": [
        {
          "schema_version": 0,
          "attributes": {
            "gateway_id": "",
            "id": "rtbassoc-012539c25146433c3",
            "route_table_id": "rtb-04fdfb5087a9a4489",
            "subnet_id": "subnet-0edfef9a75ca28dc2"
          },
          "sensitive_attributes": [],
          "private": "bnVsbA==",
          "dependencies": [
            "aws_internet_gateway.IGW",
            "aws_route_table.PublicRT",
            "aws_subnet.pub_subnet",
            "aws_vpc.PrivateVPC",
            "aws_vpc.PublicVPC",
            "aws_vpc_peering_connection.vpc-peering"
          ]
        }
      ]
    },
    {
      "mode": "managed",
      "type": "aws_route_table_association",
      "name": "RTassociation",
      "provider": "provider[\"registry.terraform.io/hashicorp/aws\"]",
      "instances": [
        {
          "schema_version": 0,
          "attributes": {
            "gateway_id": "",
            "id": "rtbassoc-0497c09371f94a6a0",
            "route_table_id": "rtb-0d3aab9b94f5592e4",
            "subnet_id": "subnet-0f880bb928232f0a1"
          },
          "sensitive_attributes": [],
          "private": "bnVsbA==",
          "dependencies": [
            "aws_route_table.RT",
            "aws_subnet.main_subnet",
            "aws_vpc.PrivateVPC"
          ]
        }
      ]
    },
    {
      "mode": "managed",
      "type": "aws_route_table_association",
      "name": "vpc2_pub_subnet-vcp2-pub-rt",
      "provider": "provider[\"registry.terraform.io/hashicorp/aws\"]",
      "instances": [
        {
          "schema_version": 0,
          "attributes": {
            "gateway_id": "",
            "id": "rtbassoc-01042555f95111c61",
            "route_table_id": "rtb-05f0dbed7a7b05bcc",
            "subnet_id": "subnet-087ea6ffb4d5bd818"
          },
          "sensitive_attributes": [],
          "private": "bnVsbA==",
          "dependencies": [
            "aws_internet_gateway.IGW-vpc2",
            "aws_route_table.vcp2-pub-rt",
            "aws_subnet.vpc2_pub_subnet",
            "aws_vpc.PrivateVPC"
          ]
        }
      ]
    },
    {
      "mode": "managed",
      "type": "aws_security_group",
      "name": "ssh-from-anywhere",
      "provider": "provider[\"registry.terraform.io/hashicorp/aws\"]",
      "instances": [
        {
          "schema_version": 1,
          "attributes": {
            "arn": "arn:aws:ec2:us-west-1:250281069813:security-group/sg-0b8c107035f097667",
            "description": "SSH access from anywhere",
            "egress": [
              {
                "cidr_blocks": [
                  "0.0.0.0/0"
                ],
                "description": "",
                "from_port": 0,
                "ipv6_cidr_blocks": [],
                "prefix_list_ids": [],
                "protocol": "-1",
                "security_groups": [],
                "self": false,
                "to_port": 0
              }
            ],
            "id": "sg-0b8c107035f097667",
            "ingress": [
              {
                "cidr_blocks": [
                  "0.0.0.0/0"
                ],
                "description": "",
                "from_port": 22,
                "ipv6_cidr_blocks": [],
                "prefix_list_ids": [],
                "protocol": "tcp",
                "security_groups": [],
                "self": false,
                "to_port": 22
              }
            ],
            "name": "ssh-from-anywhere",
            "name_prefix": "",
            "owner_id": "250281069813",
            "revoke_rules_on_delete": false,
            "tags": {
              "Author": "Usman Aslam",
              "Description": "SSH access from internet",
              "Name": "ssh-from-internet",
              "Team": "John, Afreen, Jawad, Usman"
            },
            "tags_all": {
              "Author": "Usman Aslam",
              "Description": "SSH access from internet",
              "Name": "ssh-from-internet",
              "Team": "John, Afreen, Jawad, Usman"
            },
            "timeouts": null,
            "vpc_id": "vpc-0c0c2d463a1ad7134"
          },
          "sensitive_attributes": [],
          "private": "eyJlMmJmYjczMC1lY2FhLTExZTYtOGY4OC0zNDM2M2JjN2M0YzAiOnsiY3JlYXRlIjo2MDAwMDAwMDAwMDAsImRlbGV0ZSI6OTAwMDAwMDAwMDAwfSwic2NoZW1hX3ZlcnNpb24iOiIxIn0=",
          "dependencies": [
            "aws_vpc.PublicVPC"
          ]
        }
      ]
    },
    {
      "mode": "managed",
      "type": "aws_security_group",
      "name": "ssh-from-jumpbox",
      "provider": "provider[\"registry.terraform.io/hashicorp/aws\"]",
      "instances": [
        {
          "schema_version": 1,
          "attributes": {
            "arn": "arn:aws:ec2:us-west-1:250281069813:security-group/sg-0c9153bae1ea3ff25",
            "description": "SSH access from Jump Box",
            "egress": [
              {
                "cidr_blocks": [
                  "0.0.0.0/0"
                ],
                "description": "",
                "from_port": 0,
                "ipv6_cidr_blocks": [],
                "prefix_list_ids": [],
                "protocol": "-1",
                "security_groups": [],
                "self": false,
                "to_port": 0
              }
            ],
            "id": "sg-0c9153bae1ea3ff25",
            "ingress": [
              {
                "cidr_blocks": [
                  "10.10.1.0/24"
                ],
                "description": "",
                "from_port": 22,
                "ipv6_cidr_blocks": [],
                "prefix_list_ids": [],
                "protocol": "tcp",
                "security_groups": [],
                "self": false,
                "to_port": 22
              }
            ],
            "name": "ssh-from-jumpbox",
            "name_prefix": "",
            "owner_id": "250281069813",
            "revoke_rules_on_delete": false,
            "tags": {
              "Author": "Usman Aslam",
              "Description": "SSH access from jumpbox",
              "Name": "ssh-from-jumpbox",
              "Team": "John, Afreen, Jawad, Usman"
            },
            "tags_all": {
              "Author": "Usman Aslam",
              "Description": "SSH access from jumpbox",
              "Name": "ssh-from-jumpbox",
              "Team": "John, Afreen, Jawad, Usman"
            },
            "timeouts": null,
            "vpc_id": "vpc-0443f8f97391333aa"
          },
          "sensitive_attributes": [],
          "private": "eyJlMmJmYjczMC1lY2FhLTExZTYtOGY4OC0zNDM2M2JjN2M0YzAiOnsiY3JlYXRlIjo2MDAwMDAwMDAwMDAsImRlbGV0ZSI6OTAwMDAwMDAwMDAwfSwic2NoZW1hX3ZlcnNpb24iOiIxIn0=",
          "dependencies": [
            "aws_vpc.PrivateVPC"
          ]
        }
      ]
    },
    {
      "mode": "managed",
      "type": "aws_subnet",
      "name": "main_subnet",
      "provider": "provider[\"registry.terraform.io/hashicorp/aws\"]",
      "instances": [
        {
          "schema_version": 1,
          "attributes": {
            "arn": "arn:aws:ec2:us-west-1:250281069813:subnet/subnet-0f880bb928232f0a1",
            "assign_ipv6_address_on_creation": false,
            "availability_zone": "us-west-1c",
            "availability_zone_id": "usw1-az3",
            "cidr_block": "10.20.2.0/24",
            "customer_owned_ipv4_pool": "",
            "enable_dns64": false,
            "enable_resource_name_dns_a_record_on_launch": false,
            "enable_resource_name_dns_aaaa_record_on_launch": false,
            "id": "subnet-0f880bb928232f0a1",
            "ipv6_cidr_block": "",
            "ipv6_cidr_block_association_id": "",
            "ipv6_native": false,
            "map_customer_owned_ip_on_launch": false,
            "map_public_ip_on_launch": false,
            "outpost_arn": "",
            "owner_id": "250281069813",
            "private_dns_hostname_type_on_launch": "ip-name",
            "tags": {
              "Author": "Usman Aslam",
              "Name": "VPC-2: Inside Network",
              "Team": "John, Afreen, Jawad, Usman"
            },
            "tags_all": {
              "Author": "Usman Aslam",
              "Name": "VPC-2: Inside Network",
              "Team": "John, Afreen, Jawad, Usman"
            },
            "timeouts": null,
            "vpc_id": "vpc-0443f8f97391333aa"
          },
          "sensitive_attributes": [],
          "private": "eyJlMmJmYjczMC1lY2FhLTExZTYtOGY4OC0zNDM2M2JjN2M0YzAiOnsiY3JlYXRlIjo2MDAwMDAwMDAwMDAsImRlbGV0ZSI6MTIwMDAwMDAwMDAwMH0sInNjaGVtYV92ZXJzaW9uIjoiMSJ9",
          "dependencies": [
            "aws_vpc.PrivateVPC"
          ]
        }
      ]
    },
    {
      "mode": "managed",
      "type": "aws_subnet",
      "name": "priv_subnet",
      "provider": "provider[\"registry.terraform.io/hashicorp/aws\"]",
      "instances": [
        {
          "schema_version": 1,
          "attributes": {
            "arn": "arn:aws:ec2:us-west-1:250281069813:subnet/subnet-0223a6db982e7132b",
            "assign_ipv6_address_on_creation": false,
            "availability_zone": "us-west-1a",
            "availability_zone_id": "usw1-az1",
            "cidr_block": "10.10.2.0/24",
            "customer_owned_ipv4_pool": "",
            "enable_dns64": false,
            "enable_resource_name_dns_a_record_on_launch": false,
            "enable_resource_name_dns_aaaa_record_on_launch": false,
            "id": "subnet-0223a6db982e7132b",
            "ipv6_cidr_block": "",
            "ipv6_cidr_block_association_id": "",
            "ipv6_native": false,
            "map_customer_owned_ip_on_launch": false,
            "map_public_ip_on_launch": false,
            "outpost_arn": "",
            "owner_id": "250281069813",
            "private_dns_hostname_type_on_launch": "ip-name",
            "tags": {
              "Author": "Usman Aslam",
              "Name": "VPC-1: Inside Network",
              "Team": "John, Afreen, Jawad, Usman"
            },
            "tags_all": {
              "Author": "Usman Aslam",
              "Name": "VPC-1: Inside Network",
              "Team": "John, Afreen, Jawad, Usman"
            },
            "timeouts": null,
            "vpc_id": "vpc-0c0c2d463a1ad7134"
          },
          "sensitive_attributes": [],
          "private": "eyJlMmJmYjczMC1lY2FhLTExZTYtOGY4OC0zNDM2M2JjN2M0YzAiOnsiY3JlYXRlIjo2MDAwMDAwMDAwMDAsImRlbGV0ZSI6MTIwMDAwMDAwMDAwMH0sInNjaGVtYV92ZXJzaW9uIjoiMSJ9",
          "dependencies": [
            "aws_vpc.PublicVPC"
          ]
        }
      ]
    },
    {
      "mode": "managed",
      "type": "aws_subnet",
      "name": "pub_subnet",
      "provider": "provider[\"registry.terraform.io/hashicorp/aws\"]",
      "instances": [
        {
          "schema_version": 1,
          "attributes": {
            "arn": "arn:aws:ec2:us-west-1:250281069813:subnet/subnet-0edfef9a75ca28dc2",
            "assign_ipv6_address_on_creation": false,
            "availability_zone": "us-west-1a",
            "availability_zone_id": "usw1-az1",
            "cidr_block": "10.10.1.0/24",
            "customer_owned_ipv4_pool": "",
            "enable_dns64": false,
            "enable_resource_name_dns_a_record_on_launch": false,
            "enable_resource_name_dns_aaaa_record_on_launch": false,
            "id": "subnet-0edfef9a75ca28dc2",
            "ipv6_cidr_block": "",
            "ipv6_cidr_block_association_id": "",
            "ipv6_native": false,
            "map_customer_owned_ip_on_launch": false,
            "map_public_ip_on_launch": true,
            "outpost_arn": "",
            "owner_id": "250281069813",
            "private_dns_hostname_type_on_launch": "ip-name",
            "tags": {
              "Author": "Usman Aslam",
              "Name": "VPC-1: DMZ Network",
              "Team": "John, Afreen, Jawad, Usman"
            },
            "tags_all": {
              "Author": "Usman Aslam",
              "Name": "VPC-1: DMZ Network",
              "Team": "John, Afreen, Jawad, Usman"
            },
            "timeouts": null,
            "vpc_id": "vpc-0c0c2d463a1ad7134"
          },
          "sensitive_attributes": [],
          "private": "eyJlMmJmYjczMC1lY2FhLTExZTYtOGY4OC0zNDM2M2JjN2M0YzAiOnsiY3JlYXRlIjo2MDAwMDAwMDAwMDAsImRlbGV0ZSI6MTIwMDAwMDAwMDAwMH0sInNjaGVtYV92ZXJzaW9uIjoiMSJ9",
          "dependencies": [
            "aws_vpc.PublicVPC"
          ]
        }
      ]
    },
    {
      "mode": "managed",
      "type": "aws_subnet",
      "name": "vpc2_pub_subnet",
      "provider": "provider[\"registry.terraform.io/hashicorp/aws\"]",
      "instances": [
        {
          "schema_version": 1,
          "attributes": {
            "arn": "arn:aws:ec2:us-west-1:250281069813:subnet/subnet-087ea6ffb4d5bd818",
            "assign_ipv6_address_on_creation": false,
            "availability_zone": "us-west-1c",
            "availability_zone_id": "usw1-az3",
            "cidr_block": "10.20.1.0/24",
            "customer_owned_ipv4_pool": "",
            "enable_dns64": false,
            "enable_resource_name_dns_a_record_on_launch": false,
            "enable_resource_name_dns_aaaa_record_on_launch": false,
            "id": "subnet-087ea6ffb4d5bd818",
            "ipv6_cidr_block": "",
            "ipv6_cidr_block_association_id": "",
            "ipv6_native": false,
            "map_customer_owned_ip_on_launch": false,
            "map_public_ip_on_launch": true,
            "outpost_arn": "",
            "owner_id": "250281069813",
            "private_dns_hostname_type_on_launch": "ip-name",
            "tags": {
              "Author": "Usman Aslam",
              "Name": "VPC-2: DMZ Network",
              "Team": "John, Afreen, Jawad, Usman"
            },
            "tags_all": {
              "Author": "Usman Aslam",
              "Name": "VPC-2: DMZ Network",
              "Team": "John, Afreen, Jawad, Usman"
            },
            "timeouts": null,
            "vpc_id": "vpc-0443f8f97391333aa"
          },
          "sensitive_attributes": [],
          "private": "eyJlMmJmYjczMC1lY2FhLTExZTYtOGY4OC0zNDM2M2JjN2M0YzAiOnsiY3JlYXRlIjo2MDAwMDAwMDAwMDAsImRlbGV0ZSI6MTIwMDAwMDAwMDAwMH0sInNjaGVtYV92ZXJzaW9uIjoiMSJ9",
          "dependencies": [
            "aws_vpc.PrivateVPC"
          ]
        }
      ]
    },
    {
      "mode": "managed",
      "type": "aws_vpc",
      "name": "PrivateVPC",
      "provider": "provider[\"registry.terraform.io/hashicorp/aws\"]",
      "instances": [
        {
          "schema_version": 1,
          "attributes": {
            "arn": "arn:aws:ec2:us-west-1:250281069813:vpc/vpc-0443f8f97391333aa",
            "assign_generated_ipv6_cidr_block": false,
            "cidr_block": "10.20.0.0/16",
            "default_network_acl_id": "acl-0484fed5ce127ebec",
            "default_route_table_id": "rtb-06848cfc02b8c2bd5",
            "default_security_group_id": "sg-03967ec7316dcdf13",
            "dhcp_options_id": "dopt-fd436798",
            "enable_classiclink": false,
            "enable_classiclink_dns_support": false,
            "enable_dns_hostnames": false,
            "enable_dns_support": true,
            "id": "vpc-0443f8f97391333aa",
            "instance_tenancy": "default",
            "ipv4_ipam_pool_id": null,
            "ipv4_netmask_length": null,
            "ipv6_association_id": "",
            "ipv6_cidr_block": "",
            "ipv6_cidr_block_network_border_group": "",
            "ipv6_ipam_pool_id": "",
            "ipv6_netmask_length": 0,
            "main_route_table_id": "rtb-06848cfc02b8c2bd5",
            "owner_id": "250281069813",
            "tags": {
              "Author": "Usman Aslam",
              "Name": "595-VPC-2",
              "Team": "John, Afreen, Jawad, Usman"
            },
            "tags_all": {
              "Author": "Usman Aslam",
              "Name": "595-VPC-2",
              "Team": "John, Afreen, Jawad, Usman"
            }
          },
          "sensitive_attributes": [],
          "private": "eyJzY2hlbWFfdmVyc2lvbiI6IjEifQ=="
        }
      ]
    },
    {
      "mode": "managed",
      "type": "aws_vpc",
      "name": "PublicVPC",
      "provider": "provider[\"registry.terraform.io/hashicorp/aws\"]",
      "instances": [
        {
          "schema_version": 1,
          "attributes": {
            "arn": "arn:aws:ec2:us-west-1:250281069813:vpc/vpc-0c0c2d463a1ad7134",
            "assign_generated_ipv6_cidr_block": false,
            "cidr_block": "10.10.0.0/16",
            "default_network_acl_id": "acl-0c7c1060c0432324a",
            "default_route_table_id": "rtb-04751bfc2afe4af66",
            "default_security_group_id": "sg-0af9cc08b72951180",
            "dhcp_options_id": "dopt-fd436798",
            "enable_classiclink": false,
            "enable_classiclink_dns_support": false,
            "enable_dns_hostnames": false,
            "enable_dns_support": true,
            "id": "vpc-0c0c2d463a1ad7134",
            "instance_tenancy": "default",
            "ipv4_ipam_pool_id": null,
            "ipv4_netmask_length": null,
            "ipv6_association_id": "",
            "ipv6_cidr_block": "",
            "ipv6_cidr_block_network_border_group": "",
            "ipv6_ipam_pool_id": "",
            "ipv6_netmask_length": 0,
            "main_route_table_id": "rtb-04751bfc2afe4af66",
            "owner_id": "250281069813",
            "tags": {
              "Author": "Usman Aslam",
              "Name": "595-VPC-1",
              "Team": "John, Afreen, Jawad, Usman"
            },
            "tags_all": {
              "Author": "Usman Aslam",
              "Name": "595-VPC-1",
              "Team": "John, Afreen, Jawad, Usman"
            }
          },
          "sensitive_attributes": [],
          "private": "eyJzY2hlbWFfdmVyc2lvbiI6IjEifQ=="
        }
      ]
    },
    {
      "mode": "managed",
      "type": "aws_vpc_peering_connection",
      "name": "vpc-peering",
      "provider": "provider[\"registry.terraform.io/hashicorp/aws\"]",
      "instances": [
        {
          "schema_version": 0,
          "attributes": {
            "accept_status": "active",
            "accepter": [
              {
                "allow_classic_link_to_remote_vpc": false,
                "allow_remote_vpc_dns_resolution": false,
                "allow_vpc_to_remote_classic_link": false
              }
            ],
            "auto_accept": true,
            "id": "pcx-072ced2b094fecb46",
            "peer_owner_id": "250281069813",
            "peer_region": "us-west-1",
            "peer_vpc_id": "vpc-0443f8f97391333aa",
            "requester": [
              {
                "allow_classic_link_to_remote_vpc": false,
                "allow_remote_vpc_dns_resolution": false,
                "allow_vpc_to_remote_classic_link": false
              }
            ],
            "tags": {
              "Author": "Usman Aslam",
              "Name": "VPC Peering between public and private VPCs",
              "Team": "John, Afreen, Jawad, Usman"
            },
            "tags_all": {
              "Author": "Usman Aslam",
              "Name": "VPC Peering between public and private VPCs",
              "Team": "John, Afreen, Jawad, Usman"
            },
            "timeouts": null,
            "vpc_id": "vpc-0c0c2d463a1ad7134"
          },
          "sensitive_attributes": [],
          "private": "eyJlMmJmYjczMC1lY2FhLTExZTYtOGY4OC0zNDM2M2JjN2M0YzAiOnsiY3JlYXRlIjo2MDAwMDAwMDAwMCwiZGVsZXRlIjo2MDAwMDAwMDAwMCwidXBkYXRlIjo2MDAwMDAwMDAwMH19",
          "dependencies": [
            "aws_vpc.PrivateVPC",
            "aws_vpc.PublicVPC"
          ]
        }
      ]
    }
  ]
}
